
Microsoft Visual Studio Solution File, Format Version 12.00
# Visual Studio Version 17
VisualStudioVersion = 17.3.32901.215
MinimumVisualStudioVersion = 10.0.40219.1
Project("{FAE04EC0-301F-11D3-BF4B-00C04F79EFBC}") = "Serv_Suf_Ejer10", "Serv_Suf_Ejer10\Serv_Suf_Ejer10.csproj", "{525A1C2A-760C-4F8F-815A-2D6259FA0299}"
EndProject
Global
	GlobalSection(SolutionConfigurationPlatforms) = preSolution
		Debug|Any CPU = Debug|Any CPU
		Release|Any CPU = Release|Any CPU
	EndGlobalSection
	GlobalSection(ProjectConfigurationPlatforms) = postSolution
		{525A1C2A-760C-4F8F-815A-2D6259FA0299}.Debug|Any CPU.ActiveCfg = Debug|Any CPU
		{525A1C2A-760C-4F8F-815A-2D6259FA0299}.Debug|Any CPU.Build.0 = Debug|Any CPU
		{525A1C2A-760C-4F8F-815A-2D6259FA0299}.Release|Any CPU.ActiveCfg = Release|Any CPU
		{525A1C2A-760C-4F8F-815A-2D6259FA0299}.Release|Any CPU.Build.0 = Release|Any CPU
	EndGlobalSection
	GlobalSection(SolutionProperties) = preSolution
		HideSolutionNode = FALSE
	EndGlobalSection
	GlobalSection(ExtensibilityGlobals) = postSolution
		SolutionGuid = {DEDB9155-771A-4872-BFA3-BEFE536F732C}
	EndGlobalSection
EndGlobal
